
Microsoft Visual Studio Solution File, Format Version 12.00
# Visual Studio Version 17
VisualStudioVersion = 17.14.36408.4 d17.14
MinimumVisualStudioVersion = 10.0.40219.1
Project("{FAE04EC0-301F-11D3-BF4B-00C04F79EFBC}") = "DonaMaria", "DonaMaria\DonaMaria.csproj", "{1D17D987-4EBD-4049-ABBA-FAC8FF4CCC7C}"
EndProject
Global
	GlobalSection(SolutionConfigurationPlatforms) = preSolution
		Debug|Any CPU = Debug|Any CPU
		Release|Any CPU = Release|Any CPU
	EndGlobalSection
	GlobalSection(ProjectConfigurationPlatforms) = postSolution
		{1D17D987-4EBD-4049-ABBA-FAC8FF4CCC7C}.Debug|Any CPU.ActiveCfg = Debug|Any CPU
		{1D17D987-4EBD-4049-ABBA-FAC8FF4CCC7C}.Debug|Any CPU.Build.0 = Debug|Any CPU
		{1D17D987-4EBD-4049-ABBA-FAC8FF4CCC7C}.Release|Any CPU.ActiveCfg = Release|Any CPU
		{1D17D987-4EBD-4049-ABBA-FAC8FF4CCC7C}.Release|Any CPU.Build.0 = Release|Any CPU
	EndGlobalSection
	GlobalSection(SolutionProperties) = preSolution
		HideSolutionNode = FALSE
	EndGlobalSection
	GlobalSection(ExtensibilityGlobals) = postSolution
		SolutionGuid = {0BE5C809-D344-418F-971C-57638D00FD75}
	EndGlobalSection
EndGlobal
